dependencies:
- name: valkey
  repository: https://valkey.io/valkey-helm/
  version: 0.7.7
- name: clamav
  repository: oci://registry.gitlab.com/xrow-public/helm-clamav/charts
  version: 1.6.82
digest: sha256:47bdb4ce1c7bb89d0949e9e7a446cc47c219cc6bb5cd8fd67ade77c4a7299bd2
generated: "2025-11-11T22:02:31.8509239+01:00"
