dependencies:
- name: dragonfly
  repository: oci://ghcr.io/dragonflydb/dragonfly/helm
  version: v2.0.0
- name: cert-manager
  repository: https://charts.jetstack.io
  version: v1.21.2
digest: sha256:c69675ad6ece0f9f158e06dfb961dddbd9978d53fdecbea3707cd9826b9a7d67
generated: "2026-09-18T14:32:21.205837929+02:00"
